
Microsoft Visual Studio Solution File, Format Version 12.00
# Visual Studio Version 16
VisualStudioVersion = 16.0.29806.167
MinimumVisualStudioVersion = 10.0.40219.1
Project("{FAE04EC0-301F-11D3-BF4B-00C04F79EFBC}") = "ways", "ways\ways.csproj", "{943EAD46-9D63-46FF-89FD-2AE679BD0305}"
EndProject
Global
	GlobalSection(SolutionConfigurationPlatforms) = preSolution
		Debug|Any CPU = Debug|Any CPU
		Release|Any CPU = Release|Any CPU
	EndGlobalSection
	GlobalSection(ProjectConfigurationPlatforms) = postSolution
		{943EAD46-9D63-46FF-89FD-2AE679BD0305}.Debug|Any CPU.ActiveCfg = Debug|Any CPU
		{943EAD46-9D63-46FF-89FD-2AE679BD0305}.Debug|Any CPU.Build.0 = Debug|Any CPU
		{943EAD46-9D63-46FF-89FD-2AE679BD0305}.Release|Any CPU.ActiveCfg = Release|Any CPU
		{943EAD46-9D63-46FF-89FD-2AE679BD0305}.Release|Any CPU.Build.0 = Release|Any CPU
	EndGlobalSection
	GlobalSection(SolutionProperties) = preSolution
		HideSolutionNode = FALSE
	EndGlobalSection
	GlobalSection(ExtensibilityGlobals) = postSolution
		SolutionGuid = {E99065CE-205A-431A-928E-923EC5971D3F}
	EndGlobalSection
EndGlobal
